<Solution>
  <Folder Name="/Task0/">
    <Project Path="Tyuiu.VolozhaninGK.Sprint0.Task0.V0/ClassLibrary/ClassLibraryDemo.csproj" />
    <Project Path="Tyuiu.VolozhaninGK.Sprint0.Task0.V0/ConsoleApp/Tyuiu.VolozhaninGK.Sprint0.Task0.V0.csproj" />
    <Project Path="Tyuiu.VolozhaninGK.Sprint0.Task0.V0/TestProject/TestProjectDemo.csproj" />
  </Folder>
  <Folder Name="/Task1/">
    <Project Path="Tyuiu.VolozhaninGK.Sprint0.Task1.V0/Tyuiu.VolozhaninGK.Sprint0.Task1.V0.csproj" />
  </Folder>
  <Folder Name="/Task2/">
    <Project Path="Tyuiu.VolozhaninGK.Sprint0.Task2.V0.Lib/Tyuiu.VolozhaninGK.Sprint0.Task2.V0.Lib.csproj" />
    <Project Path="Tyuiu.VolozhaninGK.Sprint0.Task2.V0.Test/Tyuiu.VolozhaninGK.Sprint0.Task2.V0.Test.csproj" Id="4e5e7d99-93fb-4f90-ba5e-324f68455c27" />
    <Project Path="Tyuiu.VolozhaninGK.Sprint0.Task2.V0/Tyuiu.VolozhaninGK.Sprint0.Task2.V0.csproj" />
  </Folder>
  <Folder Name="/Task3/">
    <Project Path="Tyuiu.VolozhaninGK.Sprint0.Task3.V0.Lib/Tyuiu.VolozhaninGK.Sprint0.Task3.V0.Lib.csproj" Id="57c641f8-11ea-4cb7-9e62-a267af5e224f" />
    <Project Path="Tyuiu.VolozhaninGK.Sprint0.Task3.V0.Test/Tyuiu.VolozhaninGK.Sprint0.Task3.V0.Test.csproj" Id="c9c6d8ca-7776-48d5-936e-aad421e3925d" />
    <Project Path="Tyuiu.VolozhaninGK.Sprint0.Task3.V0/Tyuiu.VolozhaninGK.Sprint0.Task3.V0.csproj" Id="588b6104-ec64-4980-a161-0ff7d4c89815" />
  </Folder>
  <Folder Name="/Task4/">
    <Project Path="Tyuiu.VolozhaninGK.Sprint0.Task4.V0.Lib/Tyuiu.VolozhaninGK.Sprint0.Task4.V0.Lib.csproj" Id="0ca6558f-e1ef-44e6-9087-e427b95e8ce7" />
    <Project Path="Tyuiu.VolozhaninGK.Sprint0.Task4.V0.Test/Tyuiu.VolozhaninGK.Sprint0.Task4.V0.Test.csproj" Id="cd4d2d68-b040-489f-b636-59c3efd9cfc0" />
    <Project Path="Tyuiu.VolozhaninGK.Sprint0.Task4.V0/Tyuiu.VolozhaninGK.Sprint0.Task4.V0.csproj" Id="9515eb5c-872a-4c50-be34-b30d9c83f589" />
  </Folder>
  <Folder Name="/Task5/">
    <Project Path="Tyuiu.VolozhaninGK.Sprint0.Task5.V0.Lib/Tyuiu.VolozhaninGK.Sprint0.Task5.V0.Lib.csproj" Id="ecff9673-9462-4586-b7eb-ef9bdd181298" />
    <Project Path="Tyuiu.VolozhaninGK.Sprint0.Task5.V0.Test/Tyuiu.VolozhaninGK.Sprint0.Task5.V0.Test.csproj" Id="934b8ce3-0321-4793-ab9d-192d5bd71505" />
    <Project Path="Tyuiu.VolozhaninGK.Sprint0.Task5.V0/Tyuiu.VolozhaninGK.Sprint0.Task5.V0.csproj" Id="685fc2c4-5dee-4cea-b166-84814a249a4e" />
  </Folder>
</Solution>
